
Microsoft Visual Studio Solution File, Format Version 12.00
# Visual Studio Version 17
VisualStudioVersion = 17.2.32616.157
MinimumVisualStudioVersion = 10.0.40219.1
Project("{2150E333-8FDC-42A3-9474-1A3956D46DE8}") = "src", "src", "{FB124E84-6435-4273-8C0F-4CED9A055218}"
EndProject
Project("{2150E333-8FDC-42A3-9474-1A3956D46DE8}") = "Services", "Services", "{A29B4033-8897-4CFE-91B1-3F71C4581415}"
EndProject
Project("{2150E333-8FDC-42A3-9474-1A3956D46DE8}") = "Catalog", "Catalog", "{6A32120B-9DC9-4909-B31F-8DFA21D25548}"
EndProject
Project("{FAE04EC0-301F-11D3-BF4B-00C04F79EFBC}") = "Catalog.API", "src\Services\Catalog\Catalog.API\Catalog.API.csproj", "{9D83B1A4-77D4-46CF-8539-967E534F36E7}"
EndProject
Project("{2150E333-8FDC-42A3-9474-1A3956D46DE8}") = "Report", "Report", "{BEAD8432-15C5-4B4C-8FFB-C596150BC7CE}"
EndProject
Project("{FAE04EC0-301F-11D3-BF4B-00C04F79EFBC}") = "Report.API", "src\Services\Report\Report.API\Report.API.csproj", "{1725D95D-BA1E-4FF1-A369-021C40313A9E}"
EndProject
Project("{2150E333-8FDC-42A3-9474-1A3956D46DE8}") = "ApiGateways", "ApiGateways", "{6C7C9843-8CE8-4DBD-B256-B33A938E41D0}"
EndProject
Project("{FAE04EC0-301F-11D3-BF4B-00C04F79EFBC}") = "Web.Bff.Cosmetics", "src\ApiGateways\Web.Bff.Cosmetics\Web.Bff.Cosmetics.csproj", "{35247295-617A-4949-8370-9B77D71E8C91}"
EndProject
Global
	GlobalSection(SolutionProperties) = preSolution
		HideSolutionNode = FALSE
	EndGlobalSection
	GlobalSection(ExtensibilityGlobals) = postSolution
		SolutionGuid = {CA93204F-F051-4C8D-ADB8-E77C365D4971}
	EndGlobalSection
	GlobalSection(SolutionConfigurationPlatforms) = preSolution
		Debug|Any CPU = Debug|Any CPU
		Debug|x64 = Debug|x64
		Debug|x86 = Debug|x86
		Release|Any CPU = Release|Any CPU
		Release|x64 = Release|x64
		Release|x86 = Release|x86
	EndGlobalSection
	GlobalSection(ProjectConfigurationPlatforms) = postSolution
		{9D83B1A4-77D4-46CF-8539-967E534F36E7}.Debug|Any CPU.ActiveCfg = Debug|Any CPU
		{9D83B1A4-77D4-46CF-8539-967E534F36E7}.Debug|Any CPU.Build.0 = Debug|Any CPU
		{9D83B1A4-77D4-46CF-8539-967E534F36E7}.Debug|x64.ActiveCfg = Debug|Any CPU
		{9D83B1A4-77D4-46CF-8539-967E534F36E7}.Debug|x64.Build.0 = Debug|Any CPU
		{9D83B1A4-77D4-46CF-8539-967E534F36E7}.Debug|x86.ActiveCfg = Debug|Any CPU
		{9D83B1A4-77D4-46CF-8539-967E534F36E7}.Debug|x86.Build.0 = Debug|Any CPU
		{9D83B1A4-77D4-46CF-8539-967E534F36E7}.Release|Any CPU.ActiveCfg = Release|Any CPU
		{9D83B1A4-77D4-46CF-8539-967E534F36E7}.Release|Any CPU.Build.0 = Release|Any CPU
		{9D83B1A4-77D4-46CF-8539-967E534F36E7}.Release|x64.ActiveCfg = Release|Any CPU
		{9D83B1A4-77D4-46CF-8539-967E534F36E7}.Release|x64.Build.0 = Release|Any CPU
		{9D83B1A4-77D4-46CF-8539-967E534F36E7}.Release|x86.ActiveCfg = Release|Any CPU
		{9D83B1A4-77D4-46CF-8539-967E534F36E7}.Release|x86.Build.0 = Release|Any CPU
		{1725D95D-BA1E-4FF1-A369-021C40313A9E}.Debug|Any CPU.ActiveCfg = Debug|Any CPU
		{1725D95D-BA1E-4FF1-A369-021C40313A9E}.Debug|Any CPU.Build.0 = Debug|Any CPU
		{1725D95D-BA1E-4FF1-A369-021C40313A9E}.Debug|x64.ActiveCfg = Debug|Any CPU
		{1725D95D-BA1E-4FF1-A369-021C40313A9E}.Debug|x64.Build.0 = Debug|Any CPU
		{1725D95D-BA1E-4FF1-A369-021C40313A9E}.Debug|x86.ActiveCfg = Debug|Any CPU
		{1725D95D-BA1E-4FF1-A369-021C40313A9E}.Debug|x86.Build.0 = Debug|Any CPU
		{1725D95D-BA1E-4FF1-A369-021C40313A9E}.Release|Any CPU.ActiveCfg = Release|Any CPU
		{1725D95D-BA1E-4FF1-A369-021C40313A9E}.Release|Any CPU.Build.0 = Release|Any CPU
		{1725D95D-BA1E-4FF1-A369-021C40313A9E}.Release|x64.ActiveCfg = Release|Any CPU
		{1725D95D-BA1E-4FF1-A369-021C40313A9E}.Release|x64.Build.0 = Release|Any CPU
		{1725D95D-BA1E-4FF1-A369-021C40313A9E}.Release|x86.ActiveCfg = Release|Any CPU
		{1725D95D-BA1E-4FF1-A369-021C40313A9E}.Release|x86.Build.0 = Release|Any CPU
		{35247295-617A-4949-8370-9B77D71E8C91}.Debug|Any CPU.ActiveCfg = Debug|Any CPU
		{35247295-617A-4949-8370-9B77D71E8C91}.Debug|Any CPU.Build.0 = Debug|Any CPU
		{35247295-617A-4949-8370-9B77D71E8C91}.Debug|x64.ActiveCfg = Debug|Any CPU
		{35247295-617A-4949-8370-9B77D71E8C91}.Debug|x64.Build.0 = Debug|Any CPU
		{35247295-617A-4949-8370-9B77D71E8C91}.Debug|x86.ActiveCfg = Debug|Any CPU
		{35247295-617A-4949-8370-9B77D71E8C91}.Debug|x86.Build.0 = Debug|Any CPU
		{35247295-617A-4949-8370-9B77D71E8C91}.Release|Any CPU.ActiveCfg = Release|Any CPU
		{35247295-617A-4949-8370-9B77D71E8C91}.Release|Any CPU.Build.0 = Release|Any CPU
		{35247295-617A-4949-8370-9B77D71E8C91}.Release|x64.ActiveCfg = Release|Any CPU
		{35247295-617A-4949-8370-9B77D71E8C91}.Release|x64.Build.0 = Release|Any CPU
		{35247295-617A-4949-8370-9B77D71E8C91}.Release|x86.ActiveCfg = Release|Any CPU
		{35247295-617A-4949-8370-9B77D71E8C91}.Release|x86.Build.0 = Release|Any CPU
	EndGlobalSection
	GlobalSection(NestedProjects) = preSolution
		{A29B4033-8897-4CFE-91B1-3F71C4581415} = {FB124E84-6435-4273-8C0F-4CED9A055218}
		{6A32120B-9DC9-4909-B31F-8DFA21D25548} = {A29B4033-8897-4CFE-91B1-3F71C4581415}
		{9D83B1A4-77D4-46CF-8539-967E534F36E7} = {6A32120B-9DC9-4909-B31F-8DFA21D25548}
		{BEAD8432-15C5-4B4C-8FFB-C596150BC7CE} = {A29B4033-8897-4CFE-91B1-3F71C4581415}
		{1725D95D-BA1E-4FF1-A369-021C40313A9E} = {BEAD8432-15C5-4B4C-8FFB-C596150BC7CE}
		{6C7C9843-8CE8-4DBD-B256-B33A938E41D0} = {FB124E84-6435-4273-8C0F-4CED9A055218}
		{35247295-617A-4949-8370-9B77D71E8C91} = {6C7C9843-8CE8-4DBD-B256-B33A938E41D0}
	EndGlobalSection
EndGlobal
